
Microsoft Visual Studio Solution File, Format Version 12.00
# Visual Studio 15
VisualStudioVersion = 15.0.27703.2042
MinimumVisualStudioVersion = 10.0.40219.1
Project("{888888A0-9F3D-457C-B088-3A5042F75D52}") = "ExcelSheetRenamePy", "ExcelSheetRenamePy\ExcelSheetRenamePy.pyproj", "{D83E80A8-0F10-43FF-99EB-93E93A4D20CD}"
EndProject
Global
	GlobalSection(SolutionConfigurationPlatforms) = preSolution
		Debug|Any CPU = Debug|Any CPU
		Release|Any CPU = Release|Any CPU
	EndGlobalSection
	GlobalSection(ProjectConfigurationPlatforms) = postSolution
		{D83E80A8-0F10-43FF-99EB-93E93A4D20CD}.Debug|Any CPU.ActiveCfg = Debug|Any CPU
		{D83E80A8-0F10-43FF-99EB-93E93A4D20CD}.Release|Any CPU.ActiveCfg = Release|Any CPU
	EndGlobalSection
	GlobalSection(SolutionProperties) = preSolution
		HideSolutionNode = FALSE
	EndGlobalSection
	GlobalSection(ExtensibilityGlobals) = postSolution
		SolutionGuid = {30439A16-9133-4D18-BEEA-F1B0BDE658EF}
	EndGlobalSection
EndGlobal
